
Microsoft Visual Studio Solution File, Format Version 12.00
# Visual Studio Version 17
VisualStudioVersion = 17.0.31903.59
MinimumVisualStudioVersion = 10.0.40219.1
Project("{9A19103F-16F7-4668-BE54-9A1E7A4F7556}") = "PiClient", "PiClient\PiClient.csproj", "{CF17C17F-242B-4F0F-AFEA-D26104085A85}"
EndProject
Project("{9A19103F-16F7-4668-BE54-9A1E7A4F7556}") = "WebServer", "WebServer\WebServer.csproj", "{7863E5A9-3740-463A-BB10-355D6F55989C}"
EndProject
Project("{FAE04EC0-301F-11D3-BF4B-00C04F79EFBC}") = "PiClientApi", "PiClientApi\PiClientApi.csproj", "{2C9DCD6D-A985-4169-883E-A786894E92B4}"
EndProject
Global
	GlobalSection(SolutionConfigurationPlatforms) = preSolution
		Debug|Any CPU = Debug|Any CPU
		Release|Any CPU = Release|Any CPU
	EndGlobalSection
	GlobalSection(ProjectConfigurationPlatforms) = postSolution
		{CF17C17F-242B-4F0F-AFEA-D26104085A85}.Debug|Any CPU.ActiveCfg = Debug|Any CPU
		{CF17C17F-242B-4F0F-AFEA-D26104085A85}.Debug|Any CPU.Build.0 = Debug|Any CPU
		{CF17C17F-242B-4F0F-AFEA-D26104085A85}.Release|Any CPU.ActiveCfg = Release|Any CPU
		{CF17C17F-242B-4F0F-AFEA-D26104085A85}.Release|Any CPU.Build.0 = Release|Any CPU
		{7863E5A9-3740-463A-BB10-355D6F55989C}.Debug|Any CPU.ActiveCfg = Debug|Any CPU
		{7863E5A9-3740-463A-BB10-355D6F55989C}.Debug|Any CPU.Build.0 = Debug|Any CPU
		{7863E5A9-3740-463A-BB10-355D6F55989C}.Release|Any CPU.ActiveCfg = Release|Any CPU
		{7863E5A9-3740-463A-BB10-355D6F55989C}.Release|Any CPU.Build.0 = Release|Any CPU
		{2C9DCD6D-A985-4169-883E-A786894E92B4}.Debug|Any CPU.ActiveCfg = Debug|Any CPU
		{2C9DCD6D-A985-4169-883E-A786894E92B4}.Debug|Any CPU.Build.0 = Debug|Any CPU
		{2C9DCD6D-A985-4169-883E-A786894E92B4}.Release|Any CPU.ActiveCfg = Release|Any CPU
		{2C9DCD6D-A985-4169-883E-A786894E92B4}.Release|Any CPU.Build.0 = Release|Any CPU
	EndGlobalSection
	GlobalSection(SolutionProperties) = preSolution
		HideSolutionNode = FALSE
	EndGlobalSection
	GlobalSection(ExtensibilityGlobals) = postSolution
		SolutionGuid = {E80C2927-E906-4153-BEB0-AE8E48B245D6}
	EndGlobalSection
EndGlobal
